
Microsoft Visual Studio Solution File, Format Version 12.00
# Visual Studio Version 17
VisualStudioVersion = 17.0.31903.59
MinimumVisualStudioVersion = 10.0.40219.1
Project("{FAE04EC0-301F-11D3-BF4B-00C04F79EFBC}") = "ZooManagement.Domain", "ZooManagement.Domain\ZooManagement.Domain.csproj", "{20B47F30-F156-4432-9CD8-803EC50D6E0D}"
EndProject
Project("{FAE04EC0-301F-11D3-BF4B-00C04F79EFBC}") = "ZooManagement.Application", "ZooManagement.Application\ZooManagement.Application.csproj", "{894C9C26-A121-4029-8509-2DE0B512EB38}"
EndProject
Project("{FAE04EC0-301F-11D3-BF4B-00C04F79EFBC}") = "ZooManagement.Infrastructure", "ZooManagement.Infrastructure\ZooManagement.Infrastructure.csproj", "{88324036-027B-44E6-8001-FB2B431AB28B}"
EndProject
Project("{FAE04EC0-301F-11D3-BF4B-00C04F79EFBC}") = "ZooManagement.Api", "ZooManagement.Api\ZooManagement.Api.csproj", "{D1348EC8-DC3E-45D6-A514-89B68802F7FA}"
EndProject
Project("{FAE04EC0-301F-11D3-BF4B-00C04F79EFBC}") = "ZooManagement.Tests", "ZooManagement.Tests\ZooManagement.Tests.csproj", "{08E53B53-29AF-4ED0-8206-F7C2940BD872}"
EndProject
Global
	GlobalSection(SolutionConfigurationPlatforms) = preSolution
		Debug|Any CPU = Debug|Any CPU
		Debug|x64 = Debug|x64
		Debug|x86 = Debug|x86
		Release|Any CPU = Release|Any CPU
		Release|x64 = Release|x64
		Release|x86 = Release|x86
	EndGlobalSection
	GlobalSection(ProjectConfigurationPlatforms) = postSolution
		{20B47F30-F156-4432-9CD8-803EC50D6E0D}.Debug|Any CPU.ActiveCfg = Debug|Any CPU
		{20B47F30-F156-4432-9CD8-803EC50D6E0D}.Debug|Any CPU.Build.0 = Debug|Any CPU
		{20B47F30-F156-4432-9CD8-803EC50D6E0D}.Debug|x64.ActiveCfg = Debug|Any CPU
		{20B47F30-F156-4432-9CD8-803EC50D6E0D}.Debug|x64.Build.0 = Debug|Any CPU
		{20B47F30-F156-4432-9CD8-803EC50D6E0D}.Debug|x86.ActiveCfg = Debug|Any CPU
		{20B47F30-F156-4432-9CD8-803EC50D6E0D}.Debug|x86.Build.0 = Debug|Any CPU
		{20B47F30-F156-4432-9CD8-803EC50D6E0D}.Release|Any CPU.ActiveCfg = Release|Any CPU
		{20B47F30-F156-4432-9CD8-803EC50D6E0D}.Release|Any CPU.Build.0 = Release|Any CPU
		{20B47F30-F156-4432-9CD8-803EC50D6E0D}.Release|x64.ActiveCfg = Release|Any CPU
		{20B47F30-F156-4432-9CD8-803EC50D6E0D}.Release|x64.Build.0 = Release|Any CPU
		{20B47F30-F156-4432-9CD8-803EC50D6E0D}.Release|x86.ActiveCfg = Release|Any CPU
		{20B47F30-F156-4432-9CD8-803EC50D6E0D}.Release|x86.Build.0 = Release|Any CPU
		{894C9C26-A121-4029-8509-2DE0B512EB38}.Debug|Any CPU.ActiveCfg = Debug|Any CPU
		{894C9C26-A121-4029-8509-2DE0B512EB38}.Debug|Any CPU.Build.0 = Debug|Any CPU
		{894C9C26-A121-4029-8509-2DE0B512EB38}.Debug|x64.ActiveCfg = Debug|Any CPU
		{894C9C26-A121-4029-8509-2DE0B512EB38}.Debug|x64.Build.0 = Debug|Any CPU
		{894C9C26-A121-4029-8509-2DE0B512EB38}.Debug|x86.ActiveCfg = Debug|Any CPU
		{894C9C26-A121-4029-8509-2DE0B512EB38}.Debug|x86.Build.0 = Debug|Any CPU
		{894C9C26-A121-4029-8509-2DE0B512EB38}.Release|Any CPU.ActiveCfg = Release|Any CPU
		{894C9C26-A121-4029-8509-2DE0B512EB38}.Release|Any CPU.Build.0 = Release|Any CPU
		{894C9C26-A121-4029-8509-2DE0B512EB38}.Release|x64.ActiveCfg = Release|Any CPU
		{894C9C26-A121-4029-8509-2DE0B512EB38}.Release|x64.Build.0 = Release|Any CPU
		{894C9C26-A121-4029-8509-2DE0B512EB38}.Release|x86.ActiveCfg = Release|Any CPU
		{894C9C26-A121-4029-8509-2DE0B512EB38}.Release|x86.Build.0 = Release|Any CPU
		{88324036-027B-44E6-8001-FB2B431AB28B}.Debug|Any CPU.ActiveCfg = Debug|Any CPU
		{88324036-027B-44E6-8001-FB2B431AB28B}.Debug|Any CPU.Build.0 = Debug|Any CPU
		{88324036-027B-44E6-8001-FB2B431AB28B}.Debug|x64.ActiveCfg = Debug|Any CPU
		{88324036-027B-44E6-8001-FB2B431AB28B}.Debug|x64.Build.0 = Debug|Any CPU
		{88324036-027B-44E6-8001-FB2B431AB28B}.Debug|x86.ActiveCfg = Debug|Any CPU
		{88324036-027B-44E6-8001-FB2B431AB28B}.Debug|x86.Build.0 = Debug|Any CPU
		{88324036-027B-44E6-8001-FB2B431AB28B}.Release|Any CPU.ActiveCfg = Release|Any CPU
		{88324036-027B-44E6-8001-FB2B431AB28B}.Release|Any CPU.Build.0 = Release|Any CPU
		{88324036-027B-44E6-8001-FB2B431AB28B}.Release|x64.ActiveCfg = Release|Any CPU
		{88324036-027B-44E6-8001-FB2B431AB28B}.Release|x64.Build.0 = Release|Any CPU
		{88324036-027B-44E6-8001-FB2B431AB28B}.Release|x86.ActiveCfg = Release|Any CPU
		{88324036-027B-44E6-8001-FB2B431AB28B}.Release|x86.Build.0 = Release|Any CPU
		{D1348EC8-DC3E-45D6-A514-89B68802F7FA}.Debug|Any CPU.ActiveCfg = Debug|Any CPU
		{D1348EC8-DC3E-45D6-A514-89B68802F7FA}.Debug|Any CPU.Build.0 = Debug|Any CPU
		{D1348EC8-DC3E-45D6-A514-89B68802F7FA}.Debug|x64.ActiveCfg = Debug|Any CPU
		{D1348EC8-DC3E-45D6-A514-89B68802F7FA}.Debug|x64.Build.0 = Debug|Any CPU
		{D1348EC8-DC3E-45D6-A514-89B68802F7FA}.Debug|x86.ActiveCfg = Debug|Any CPU
		{D1348EC8-DC3E-45D6-A514-89B68802F7FA}.Debug|x86.Build.0 = Debug|Any CPU
		{D1348EC8-DC3E-45D6-A514-89B68802F7FA}.Release|Any CPU.ActiveCfg = Release|Any CPU
		{D1348EC8-DC3E-45D6-A514-89B68802F7FA}.Release|Any CPU.Build.0 = Release|Any CPU
		{D1348EC8-DC3E-45D6-A514-89B68802F7FA}.Release|x64.ActiveCfg = Release|Any CPU
		{D1348EC8-DC3E-45D6-A514-89B68802F7FA}.Release|x64.Build.0 = Release|Any CPU
		{D1348EC8-DC3E-45D6-A514-89B68802F7FA}.Release|x86.ActiveCfg = Release|Any CPU
		{D1348EC8-DC3E-45D6-A514-89B68802F7FA}.Release|x86.Build.0 = Release|Any CPU
		{08E53B53-29AF-4ED0-8206-F7C2940BD872}.Debug|Any CPU.ActiveCfg = Debug|Any CPU
		{08E53B53-29AF-4ED0-8206-F7C2940BD872}.Debug|Any CPU.Build.0 = Debug|Any CPU
		{08E53B53-29AF-4ED0-8206-F7C2940BD872}.Debug|x64.ActiveCfg = Debug|Any CPU
		{08E53B53-29AF-4ED0-8206-F7C2940BD872}.Debug|x64.Build.0 = Debug|Any CPU
		{08E53B53-29AF-4ED0-8206-F7C2940BD872}.Debug|x86.ActiveCfg = Debug|Any CPU
		{08E53B53-29AF-4ED0-8206-F7C2940BD872}.Debug|x86.Build.0 = Debug|Any CPU
		{08E53B53-29AF-4ED0-8206-F7C2940BD872}.Release|Any CPU.ActiveCfg = Release|Any CPU
		{08E53B53-29AF-4ED0-8206-F7C2940BD872}.Release|Any CPU.Build.0 = Release|Any CPU
		{08E53B53-29AF-4ED0-8206-F7C2940BD872}.Release|x64.ActiveCfg = Release|Any CPU
		{08E53B53-29AF-4ED0-8206-F7C2940BD872}.Release|x64.Build.0 = Release|Any CPU
		{08E53B53-29AF-4ED0-8206-F7C2940BD872}.Release|x86.ActiveCfg = Release|Any CPU
		{08E53B53-29AF-4ED0-8206-F7C2940BD872}.Release|x86.Build.0 = Release|Any CPU
	EndGlobalSection
	GlobalSection(SolutionProperties) = preSolution
		HideSolutionNode = FALSE
	EndGlobalSection
EndGlobal
